
Microsoft Visual Studio Solution File, Format Version 12.00
# Visual Studio Version 17
VisualStudioVersion = 17.1.32421.90
MinimumVisualStudioVersion = 10.0.40219.1
Project("{9A19103F-16F7-4668-BE54-9A1E7A4F7556}") = "microsvc-authr", "microsvc-authr.csproj", "{E98EBD85-B664-469F-BDB8-464314331B2B}"
EndProject
Project("{FAE04EC0-301F-11D3-BF4B-00C04F79EFBC}") = "loadconsole", "..\loadconsole\loadconsole.csproj", "{FB83DD48-8060-4EB9-929A-CBB753D67E2E}"
EndProject
Global
	GlobalSection(SolutionConfigurationPlatforms) = preSolution
		Debug|Any CPU = Debug|Any CPU
		Release|Any CPU = Release|Any CPU
	EndGlobalSection
	GlobalSection(ProjectConfigurationPlatforms) = postSolution
		{E98EBD85-B664-469F-BDB8-464314331B2B}.Debug|Any CPU.ActiveCfg = Debug|Any CPU
		{E98EBD85-B664-469F-BDB8-464314331B2B}.Debug|Any CPU.Build.0 = Debug|Any CPU
		{E98EBD85-B664-469F-BDB8-464314331B2B}.Release|Any CPU.ActiveCfg = Release|Any CPU
		{E98EBD85-B664-469F-BDB8-464314331B2B}.Release|Any CPU.Build.0 = Release|Any CPU
		{FB83DD48-8060-4EB9-929A-CBB753D67E2E}.Debug|Any CPU.ActiveCfg = Debug|Any CPU
		{FB83DD48-8060-4EB9-929A-CBB753D67E2E}.Debug|Any CPU.Build.0 = Debug|Any CPU
		{FB83DD48-8060-4EB9-929A-CBB753D67E2E}.Release|Any CPU.ActiveCfg = Release|Any CPU
		{FB83DD48-8060-4EB9-929A-CBB753D67E2E}.Release|Any CPU.Build.0 = Release|Any CPU
	EndGlobalSection
	GlobalSection(SolutionProperties) = preSolution
		HideSolutionNode = FALSE
	EndGlobalSection
	GlobalSection(ExtensibilityGlobals) = postSolution
		SolutionGuid = {A16F7CAF-A38A-4277-AC41-D956E04FCB45}
	EndGlobalSection
EndGlobal
