
Microsoft Visual Studio Solution File, Format Version 12.00
# Visual Studio Version 17
VisualStudioVersion = 17.2.32519.379
MinimumVisualStudioVersion = 10.0.40219.1
Project("{9A19103F-16F7-4668-BE54-9A1E7A4F7556}") = "microsvc-userprofile", "microsvc-userprofile.csproj", "{72660DFF-2F0B-44F9-BF7E-A4A4B850EDD2}"
EndProject
Project("{9A19103F-16F7-4668-BE54-9A1E7A4F7556}") = "loadconsole", "..\loadconsole\loadconsole.csproj", "{36291B4F-9638-4059-BDBA-B794DCF77103}"
EndProject
Project("{FAE04EC0-301F-11D3-BF4B-00C04F79EFBC}") = "ndds-data", "..\ndds-data\ndds-data.csproj", "{A2491298-8312-4C55-BFF9-7FA70B42AA8D}"
EndProject
Project("{FAE04EC0-301F-11D3-BF4B-00C04F79EFBC}") = "ndds-model", "..\ndds-model\ndds-model.csproj", "{1D0EE13E-4A0B-4DB3-A720-AB92EF22F9DD}"
EndProject
Global
	GlobalSection(SolutionConfigurationPlatforms) = preSolution
		Debug|Any CPU = Debug|Any CPU
		Release|Any CPU = Release|Any CPU
	EndGlobalSection
	GlobalSection(ProjectConfigurationPlatforms) = postSolution
		{72660DFF-2F0B-44F9-BF7E-A4A4B850EDD2}.Debug|Any CPU.ActiveCfg = Debug|Any CPU
		{72660DFF-2F0B-44F9-BF7E-A4A4B850EDD2}.Debug|Any CPU.Build.0 = Debug|Any CPU
		{72660DFF-2F0B-44F9-BF7E-A4A4B850EDD2}.Release|Any CPU.ActiveCfg = Release|Any CPU
		{72660DFF-2F0B-44F9-BF7E-A4A4B850EDD2}.Release|Any CPU.Build.0 = Release|Any CPU
		{36291B4F-9638-4059-BDBA-B794DCF77103}.Debug|Any CPU.ActiveCfg = Debug|Any CPU
		{36291B4F-9638-4059-BDBA-B794DCF77103}.Debug|Any CPU.Build.0 = Debug|Any CPU
		{36291B4F-9638-4059-BDBA-B794DCF77103}.Release|Any CPU.ActiveCfg = Release|Any CPU
		{36291B4F-9638-4059-BDBA-B794DCF77103}.Release|Any CPU.Build.0 = Release|Any CPU
		{A2491298-8312-4C55-BFF9-7FA70B42AA8D}.Debug|Any CPU.ActiveCfg = Debug|Any CPU
		{A2491298-8312-4C55-BFF9-7FA70B42AA8D}.Debug|Any CPU.Build.0 = Debug|Any CPU
		{A2491298-8312-4C55-BFF9-7FA70B42AA8D}.Release|Any CPU.ActiveCfg = Release|Any CPU
		{A2491298-8312-4C55-BFF9-7FA70B42AA8D}.Release|Any CPU.Build.0 = Release|Any CPU
		{1D0EE13E-4A0B-4DB3-A720-AB92EF22F9DD}.Debug|Any CPU.ActiveCfg = Debug|Any CPU
		{1D0EE13E-4A0B-4DB3-A720-AB92EF22F9DD}.Debug|Any CPU.Build.0 = Debug|Any CPU
		{1D0EE13E-4A0B-4DB3-A720-AB92EF22F9DD}.Release|Any CPU.ActiveCfg = Release|Any CPU
		{1D0EE13E-4A0B-4DB3-A720-AB92EF22F9DD}.Release|Any CPU.Build.0 = Release|Any CPU
	EndGlobalSection
	GlobalSection(SolutionProperties) = preSolution
		HideSolutionNode = FALSE
	EndGlobalSection
	GlobalSection(ExtensibilityGlobals) = postSolution
		SolutionGuid = {91EAE276-DE78-4537-B5FA-3BE80B9638B7}
	EndGlobalSection
EndGlobal
